
Microsoft Visual Studio Solution File, Format Version 12.00
# Visual Studio Version 16
VisualStudioVersion = 16.0.29519.87
MinimumVisualStudioVersion = 10.0.40219.1
Project("{FAE04EC0-301F-11D3-BF4B-00C04F79EFBC}") = "StartPage", "StartPage.csproj", "{818555C6-0812-46E9-829F-E5CCF5B1E486}"
EndProject
Project("{FAE04EC0-301F-11D3-BF4B-00C04F79EFBC}") = "StartPageUnitTests", "..\StartPageUnitTests\StartPageUnitTests.csproj", "{31A1D089-A450-4268-A756-C60004E86182}"
EndProject
Global
	GlobalSection(SolutionConfigurationPlatforms) = preSolution
		Debug|Any CPU = Debug|Any CPU
		Release|Any CPU = Release|Any CPU
	EndGlobalSection
	GlobalSection(ProjectConfigurationPlatforms) = postSolution
		{818555C6-0812-46E9-829F-E5CCF5B1E486}.Debug|Any CPU.ActiveCfg = Debug|Any CPU
		{818555C6-0812-46E9-829F-E5CCF5B1E486}.Debug|Any CPU.Build.0 = Debug|Any CPU
		{818555C6-0812-46E9-829F-E5CCF5B1E486}.Release|Any CPU.ActiveCfg = Release|Any CPU
		{818555C6-0812-46E9-829F-E5CCF5B1E486}.Release|Any CPU.Build.0 = Release|Any CPU
		{31A1D089-A450-4268-A756-C60004E86182}.Debug|Any CPU.ActiveCfg = Debug|Any CPU
		{31A1D089-A450-4268-A756-C60004E86182}.Debug|Any CPU.Build.0 = Debug|Any CPU
		{31A1D089-A450-4268-A756-C60004E86182}.Release|Any CPU.ActiveCfg = Release|Any CPU
		{31A1D089-A450-4268-A756-C60004E86182}.Release|Any CPU.Build.0 = Release|Any CPU
	EndGlobalSection
	GlobalSection(SolutionProperties) = preSolution
		HideSolutionNode = FALSE
	EndGlobalSection
	GlobalSection(ExtensibilityGlobals) = postSolution
		SolutionGuid = {11D2CC9A-951C-4725-92A1-AE9CA40D8D6E}
	EndGlobalSection
EndGlobal
